
Microsoft Visual Studio Solution File, Format Version 12.00
# Visual Studio 14
VisualStudioVersion = 14.0.25420.1
MinimumVisualStudioVersion = 10.0.40219.1
Project("{FAE04EC0-301F-11D3-BF4B-00C04F79EFBC}") = "JsApp", "JsApp\JsApp.csproj", "{0300CDB6-C117-4646-967E-73978ACEC611}"
EndProject
Project("{FAE04EC0-301F-11D3-BF4B-00C04F79EFBC}") = "JsApp.IdentityServer", "JsApp.IdentityServer\JsApp.IdentityServer.csproj", "{E3CE278A-DA84-47DA-89D3-DDBFB96DF4D8}"
EndProject
Project("{FAE04EC0-301F-11D3-BF4B-00C04F79EFBC}") = "JsApp.WebApi", "JsApp.WebApi\JsApp.WebApi.csproj", "{4DFC2A4F-DB48-43EA-9BC4-08765E10FB0E}"
EndProject
Global
	GlobalSection(SolutionConfigurationPlatforms) = preSolution
		Debug|Any CPU = Debug|Any CPU
		Release|Any CPU = Release|Any CPU
	EndGlobalSection
	GlobalSection(ProjectConfigurationPlatforms) = postSolution
		{0300CDB6-C117-4646-967E-73978ACEC611}.Debug|Any CPU.ActiveCfg = Debug|Any CPU
		{0300CDB6-C117-4646-967E-73978ACEC611}.Debug|Any CPU.Build.0 = Debug|Any CPU
		{0300CDB6-C117-4646-967E-73978ACEC611}.Release|Any CPU.ActiveCfg = Release|Any CPU
		{0300CDB6-C117-4646-967E-73978ACEC611}.Release|Any CPU.Build.0 = Release|Any CPU
		{E3CE278A-DA84-47DA-89D3-DDBFB96DF4D8}.Debug|Any CPU.ActiveCfg = Debug|Any CPU
		{E3CE278A-DA84-47DA-89D3-DDBFB96DF4D8}.Debug|Any CPU.Build.0 = Debug|Any CPU
		{E3CE278A-DA84-47DA-89D3-DDBFB96DF4D8}.Release|Any CPU.ActiveCfg = Release|Any CPU
		{E3CE278A-DA84-47DA-89D3-DDBFB96DF4D8}.Release|Any CPU.Build.0 = Release|Any CPU
		{4DFC2A4F-DB48-43EA-9BC4-08765E10FB0E}.Debug|Any CPU.ActiveCfg = Debug|Any CPU
		{4DFC2A4F-DB48-43EA-9BC4-08765E10FB0E}.Debug|Any CPU.Build.0 = Debug|Any CPU
		{4DFC2A4F-DB48-43EA-9BC4-08765E10FB0E}.Release|Any CPU.ActiveCfg = Release|Any CPU
		{4DFC2A4F-DB48-43EA-9BC4-08765E10FB0E}.Release|Any CPU.Build.0 = Release|Any CPU
	EndGlobalSection
	GlobalSection(SolutionProperties) = preSolution
		HideSolutionNode = FALSE
	EndGlobalSection
EndGlobal
